
Microsoft Visual Studio Solution File, Format Version 12.00
# Visual Studio Version 16
VisualStudioVersion = 16.0.30907.101
MinimumVisualStudioVersion = 10.0.40219.1
Project("{FAE04EC0-301F-11D3-BF4B-00C04F79EFBC}") = "Task_1", "Task_1.csproj", "{4BF3B790-6BB6-414C-A80F-75960E9BE590}"
EndProject
Global
	GlobalSection(SolutionConfigurationPlatforms) = preSolution
		Debug|Any CPU = Debug|Any CPU
		Release|Any CPU = Release|Any CPU
	EndGlobalSection
	GlobalSection(ProjectConfigurationPlatforms) = postSolution
		{4BF3B790-6BB6-414C-A80F-75960E9BE590}.Debug|Any CPU.ActiveCfg = Debug|Any CPU
		{4BF3B790-6BB6-414C-A80F-75960E9BE590}.Debug|Any CPU.Build.0 = Debug|Any CPU
		{4BF3B790-6BB6-414C-A80F-75960E9BE590}.Release|Any CPU.ActiveCfg = Release|Any CPU
		{4BF3B790-6BB6-414C-A80F-75960E9BE590}.Release|Any CPU.Build.0 = Release|Any CPU
	EndGlobalSection
	GlobalSection(SolutionProperties) = preSolution
		HideSolutionNode = FALSE
	EndGlobalSection
	GlobalSection(ExtensibilityGlobals) = postSolution
		SolutionGuid = {87E4AB16-D982-48E5-9726-6696AE33A723}
	EndGlobalSection
EndGlobal
