
Microsoft Visual Studio Solution File, Format Version 12.00
# Visual Studio Version 16
VisualStudioVersion = 16.0.30907.101
MinimumVisualStudioVersion = 10.0.40219.1
Project("{FAE04EC0-301F-11D3-BF4B-00C04F79EFBC}") = "Task_2", "Task_2.csproj", "{714CC756-020B-4A3F-90E0-884A27E3DF8B}"
EndProject
Global
	GlobalSection(SolutionConfigurationPlatforms) = preSolution
		Debug|Any CPU = Debug|Any CPU
		Release|Any CPU = Release|Any CPU
	EndGlobalSection
	GlobalSection(ProjectConfigurationPlatforms) = postSolution
		{714CC756-020B-4A3F-90E0-884A27E3DF8B}.Debug|Any CPU.ActiveCfg = Debug|Any CPU
		{714CC756-020B-4A3F-90E0-884A27E3DF8B}.Debug|Any CPU.Build.0 = Debug|Any CPU
		{714CC756-020B-4A3F-90E0-884A27E3DF8B}.Release|Any CPU.ActiveCfg = Release|Any CPU
		{714CC756-020B-4A3F-90E0-884A27E3DF8B}.Release|Any CPU.Build.0 = Release|Any CPU
	EndGlobalSection
	GlobalSection(SolutionProperties) = preSolution
		HideSolutionNode = FALSE
	EndGlobalSection
	GlobalSection(ExtensibilityGlobals) = postSolution
		SolutionGuid = {CFCB03EB-3469-4EB7-BECD-866C1AD4B8B5}
	EndGlobalSection
EndGlobal
